
Microsoft Visual Studio Solution File, Format Version 12.00
# Visual Studio Version 16
VisualStudioVersion = 16.0.31729.503
MinimumVisualStudioVersion = 10.0.40219.1
Project("{FAE04EC0-301F-11D3-BF4B-00C04F79EFBC}") = "Primera_fachada", "Primera_fachada.csproj", "{9198031A-67B8-406E-A3FC-DCD7A7A29934}"
EndProject
Global
	GlobalSection(SolutionConfigurationPlatforms) = preSolution
		Debug|Any CPU = Debug|Any CPU
		Release|Any CPU = Release|Any CPU
	EndGlobalSection
	GlobalSection(ProjectConfigurationPlatforms) = postSolution
		{9198031A-67B8-406E-A3FC-DCD7A7A29934}.Debug|Any CPU.ActiveCfg = Debug|Any CPU
		{9198031A-67B8-406E-A3FC-DCD7A7A29934}.Debug|Any CPU.Build.0 = Debug|Any CPU
		{9198031A-67B8-406E-A3FC-DCD7A7A29934}.Release|Any CPU.ActiveCfg = Release|Any CPU
		{9198031A-67B8-406E-A3FC-DCD7A7A29934}.Release|Any CPU.Build.0 = Release|Any CPU
	EndGlobalSection
	GlobalSection(SolutionProperties) = preSolution
		HideSolutionNode = FALSE
	EndGlobalSection
	GlobalSection(ExtensibilityGlobals) = postSolution
		SolutionGuid = {834152F6-8380-4C70-ABFE-463FD5D51933}
	EndGlobalSection
EndGlobal
